// !$*UTF8*$!
{
	archiveVersion = 1;
	classes = {
	};
	objectVersion = 52;
	objects = {

/* Begin PBXBuildFile section */
		8C21E18C22F9DC8D00C92362 /* GridStack in Frameworks */ = {isa = PBXBuildFile; productRef = 8C21E18B22F9DC8D00C92362 /* GridStack */; };
		8C405C7A22DD678900B9F8C6 /* AppDelegate.swift in Sources */ = {isa = PBXBuildFile; fileRef = 8C405C7922DD678900B9F8C6 /* AppDelegate.swift */; };
		8C405C7C22DD678900B9F8C6 /* SceneDelegate.swift in Sources */ = {isa = PBXBuildFile; fileRef = 8C405C7B22DD678900B9F8C6 /* SceneDelegate.swift */; };
		8C405C7E22DD678900B9F8C6 /* ContentView.swift in Sources */ = {isa = PBXBuildFile; fileRef = 8C405C7D22DD678900B9F8C6 /* ContentView.swift */; };
		8C405C8022DD678A00B9F8C6 /* Assets.xcassets in Resources */ = {isa = PBXBuildFile; fileRef = 8C405C7F22DD678A00B9F8C6 /* Assets.xcassets */; };
		8C405C8322DD678A00B9F8C6 /* Preview Assets.xcassets in Resources */ = {isa = PBXBuildFile; fileRef = 8C405C8222DD678A00B9F8C6 /* Preview Assets.xcassets */; };
		8C405C8622DD678A00B9F8C6 /* LaunchScreen.storyboard in Resources */ = {isa = PBXBuildFile; fileRef = 8C405C8422DD678A00B9F8C6 /* LaunchScreen.storyboard */; };
		8C405C9122DD678A00B9F8C6 /* CoreMLPictureTakerTests.swift in Sources */ = {isa = PBXBuildFile; fileRef = 8C405C9022DD678A00B9F8C6 /* CoreMLPictureTakerTests.swift */; };
		8C405C9C22DD678A00B9F8C6 /* CoreMLPictureTakerUITests.swift in Sources */ = {isa = PBXBuildFile; fileRef = 8C405C9B22DD678A00B9F8C6 /* CoreMLPictureTakerUITests.swift */; };
		8C405CAD22DDE9C200B9F8C6 /* MLDataSet.swift in Sources */ = {isa = PBXBuildFile; fileRef = 8C405CAC22DDE9C200B9F8C6 /* MLDataSet.swift */; };
/* End PBXBuildFile section */

/* Begin PBXContainerItemProxy section */
		8C405C8D22DD678A00B9F8C6 /* PBXContainerItemProxy */ = {
			isa = PBXContainerItemProxy;
			containerPortal = 8C405C6E22DD678900B9F8C6 /* Project object */;
			proxyType = 1;
			remoteGlobalIDString = 8C405C7522DD678900B9F8C6;
			remoteInfo = CoreMLPictureTaker;
		};
		8C405C9822DD678A00B9F8C6 /* PBXContainerItemProxy */ = {
			isa = PBXContainerItemProxy;
			containerPortal = 8C405C6E22DD678900B9F8C6 /* Project object */;
			proxyType = 1;
			remoteGlobalIDString = 8C405C7522DD678900B9F8C6;
			remoteInfo = CoreMLPictureTaker;
		};
/* End PBXContainerItemProxy section */

/* Begin PBXFileReference section */
		8C405C7622DD678900B9F8C6 /* CoreMLPictureTaker.app */ = {isa = PBXFileReference; explicitFileType = wrapper.application; includeInIndex = 0; path = CoreMLPictureTaker.app; sourceTree = BUILT_PRODUCTS_DIR; };
		8C405C7922DD678900B9F8C6 /* AppDelegate.swift */ = {isa = PBXFileReference; lastKnownFileType = sourcecode.swift; path = AppDelegate.swift; sourceTree = "<group>"; };
		8C405C7B22DD678900B9F8C6 /* SceneDelegate.swift */ = {isa = PBXFileReference; lastKnownFileType = sourcecode.swift; path = SceneDelegate.swift; sourceTree = "<group>"; };
		8C405C7D22DD678900B9F8C6 /* ContentView.swift */ = {isa = PBXFileReference; lastKnownFileType = sourcecode.swift; path = ContentView.swift; sourceTree = "<group>"; };
		8C405C7F22DD678A00B9F8C6 /* Assets.xcassets */ = {isa = PBXFileReference; lastKnownFileType = folder.assetcatalog; path = Assets.xcassets; sourceTree = "<group>"; };
		8C405C8222DD678A00B9F8C6 /* Preview Assets.xcassets */ = {isa = PBXFileReference; lastKnownFileType = folder.assetcatalog; path = "Preview Assets.xcassets"; sourceTree = "<group>"; };
		8C405C8522DD678A00B9F8C6 /* Base */ = {isa = PBXFileReference; lastKnownFileType = file.storyboard; name = Base; path = Base.lproj/LaunchScreen.storyboard; sourceTree = "<group>"; };
		8C405C8722DD678A00B9F8C6 /* Info.plist */ = {isa = PBXFileReference; lastKnownFileType = text.plist.xml; path = Info.plist; sourceTree = "<group>"; };
		8C405C8C22DD678A00B9F8C6 /* CoreMLPictureTakerTests.xctest */ = {isa = PBXFileReference; explicitFileType = wrapper.cfbundle; includeInIndex = 0; path = CoreMLPictureTakerTests.xctest; sourceTree = BUILT_PRODUCTS_DIR; };
		8C405C9022DD678A00B9F8C6 /* CoreMLPictureTakerTests.swift */ = {isa = PBXFileReference; lastKnownFileType = sourcecode.swift; path = CoreMLPictureTakerTests.swift; sourceTree = "<group>"; };
		8C405C9222DD678A00B9F8C6 /* Info.plist */ = {isa = PBXFileReference; lastKnownFileType = text.plist.xml; path = Info.plist; sourceTree = "<group>"; };
		8C405C9722DD678A00B9F8C6 /* CoreMLPictureTakerUITests.xctest */ = {isa = PBXFileReference; explicitFileType = wrapper.cfbundle; includeInIndex = 0; path = CoreMLPictureTakerUITests.xctest; sourceTree = BUILT_PRODUCTS_DIR; };
		8C405C9B22DD678A00B9F8C6 /* CoreMLPictureTakerUITests.swift */ = {isa = PBXFileReference; lastKnownFileType = sourcecode.swift; path = CoreMLPictureTakerUITests.swift; sourceTree = "<group>"; };
		8C405C9D22DD678A00B9F8C6 /* Info.plist */ = {isa = PBXFileReference; lastKnownFileType = text.plist.xml; path = Info.plist; sourceTree = "<group>"; };
		8C405CAC22DDE9C200B9F8C6 /* MLDataSet.swift */ = {isa = PBXFileReference; lastKnownFileType = sourcecode.swift; path = MLDataSet.swift; sourceTree = "<group>"; };
/* End PBXFileReference section */

/* Begin PBXFrameworksBuildPhase section */
		8C405C7322DD678900B9F8C6 /* Frameworks */ = {
			isa = PBXFrameworksBuildPhase;
			buildActionMask = 2147483647;
			files = (
				8C21E18C22F9DC8D00C92362 /* GridStack in Frameworks */,
			);
			runOnlyForDeploymentPostprocessing = 0;
		};
		8C405C8922DD678A00B9F8C6 /* Frameworks */ = {
			isa = PBXFrameworksBuildPhase;
			buildActionMask = 2147483647;
			files = (
			);
			runOnlyForDeploymentPostprocessing = 0;
		};
		8C405C9422DD678A00B9F8C6 /* Frameworks */ = {
			isa = PBXFrameworksBuildPhase;
			buildActionMask = 2147483647;
			files = (
			);
			runOnlyForDeploymentPostprocessing = 0;
		};
/* End PBXFrameworksBuildPhase section */

/* Begin PBXGroup section */
		8C405C6D22DD678900B9F8C6 = {
			isa = PBXGroup;
			children = (
				8C405C7822DD678900B9F8C6 /* CoreMLPictureTaker */,
				8C405C8F22DD678A00B9F8C6 /* CoreMLPictureTakerTests */,
				8C405C9A22DD678A00B9F8C6 /* CoreMLPictureTakerUITests */,
				8C405C7722DD678900B9F8C6 /* Products */,
			);
			sourceTree = "<group>";
		};
		8C405C7722DD678900B9F8C6 /* Products */ = {
			isa = PBXGroup;
			children = (
				8C405C7622DD678900B9F8C6 /* CoreMLPictureTaker.app */,
				8C405C8C22DD678A00B9F8C6 /* CoreMLPictureTakerTests.xctest */,
				8C405C9722DD678A00B9F8C6 /* CoreMLPictureTakerUITests.xctest */,
			);
			name = Products;
			sourceTree = "<group>";
		};
		8C405C7822DD678900B9F8C6 /* CoreMLPictureTaker */ = {
			isa = PBXGroup;
			children = (
				8C405C7922DD678900B9F8C6 /* AppDelegate.swift */,
				8C405C7B22DD678900B9F8C6 /* SceneDelegate.swift */,
				8C405C7D22DD678900B9F8C6 /* ContentView.swift */,
				8C405CAC22DDE9C200B9F8C6 /* MLDataSet.swift */,
				8C405C7F22DD678A00B9F8C6 /* Assets.xcassets */,
				8C405C8422DD678A00B9F8C6 /* LaunchScreen.storyboard */,
				8C405C8722DD678A00B9F8C6 /* Info.plist */,
				8C405C8122DD678A00B9F8C6 /* Preview Content */,
			);
			path = CoreMLPictureTaker;
			sourceTree = "<group>";
		};
		8C405C8122DD678A00B9F8C6 /* Preview Content */ = {
			isa = PBXGroup;
			children = (
				8C405C8222DD678A00B9F8C6 /* Preview Assets.xcassets */,
			);
			path = "Preview Content";
			sourceTree = "<group>";
		};
		8C405C8F22DD678A00B9F8C6 /* CoreMLPictureTakerTests */ = {
			isa = PBXGroup;
			children = (
				8C405C9022DD678A00B9F8C6 /* CoreMLPictureTakerTests.swift */,
				8C405C9222DD678A00B9F8C6 /* Info.plist */,
			);
			path = CoreMLPictureTakerTests;
			sourceTree = "<group>";
		};
		8C405C9A22DD678A00B9F8C6 /* CoreMLPictureTakerUITests */ = {
			isa = PBXGroup;
			children = (
				8C405C9B22DD678A00B9F8C6 /* CoreMLPictureTakerUITests.swift */,
				8C405C9D22DD678A00B9F8C6 /* Info.plist */,
			);
			path = CoreMLPictureTakerUITests;
			sourceTree = "<group>";
		};
/* End PBXGroup section */

/* Begin PBXNativeTarget section */
		8C405C7522DD678900B9F8C6 /* CoreMLPictureTaker */ = {
			isa = PBXNativeTarget;
			buildConfigurationList = 8C405CA022DD678A00B9F8C6 /* Build configuration list for PBXNativeTarget "CoreMLPictureTaker" */;
			buildPhases = (
				8C405C7222DD678900B9F8C6 /* Sources */,
				8C405C7322DD678900B9F8C6 /* Frameworks */,
				8C405C7422DD678900B9F8C6 /* Resources */,
			);
			buildRules = (
			);
			dependencies = (
			);
			name = CoreMLPictureTaker;
			packageProductDependencies = (
				8C21E18B22F9DC8D00C92362 /* GridStack */,
			);
			productName = CoreMLPictureTaker;
			productReference = 8C405C7622DD678900B9F8C6 /* CoreMLPictureTaker.app */;
			productType = "com.apple.product-type.application";
		};
		8C405C8B22DD678A00B9F8C6 /* CoreMLPictureTakerTests */ = {
			isa = PBXNativeTarget;
			buildConfigurationList = 8C405CA322DD678A00B9F8C6 /* Build configuration list for PBXNativeTarget "CoreMLPictureTakerTests" */;
			buildPhases = (
				8C405C8822DD678A00B9F8C6 /* Sources */,
				8C405C8922DD678A00B9F8C6 /* Frameworks */,
				8C405C8A22DD678A00B9F8C6 /* Resources */,
			);
			buildRules = (
			);
			dependencies = (
				8C405C8E22DD678A00B9F8C6 /* PBXTargetDependency */,
			);
			name = CoreMLPictureTakerTests;
			productName = CoreMLPictureTakerTests;
			productReference = 8C405C8C22DD678A00B9F8C6 /* CoreMLPictureTakerTests.xctest */;
			productType = "com.apple.product-type.bundle.unit-test";
		};
		8C405C9622DD678A00B9F8C6 /* CoreMLPictureTakerUITests */ = {
			isa = PBXNativeTarget;
			buildConfigurationList = 8C405CA622DD678A00B9F8C6 /* Build configuration list for PBXNativeTarget "CoreMLPictureTakerUITests" */;
			buildPhases = (
				8C405C9322DD678A00B9F8C6 /* Sources */,
				8C405C9422DD678A00B9F8C6 /* Frameworks */,
				8C405C9522DD678A00B9F8C6 /* Resources */,
			);
			buildRules = (
			);
			dependencies = (
				8C405C9922DD678A00B9F8C6 /* PBXTargetDependency */,
			);
			name = CoreMLPictureTakerUITests;
			productName = CoreMLPictureTakerUITests;
			productReference = 8C405C9722DD678A00B9F8C6 /* CoreMLPictureTakerUITests.xctest */;
			productType = "com.apple.product-type.bundle.ui-testing";
		};
/* End PBXNativeTarget section */

/* Begin PBXProject section */
		8C405C6E22DD678900B9F8C6 /* Project object */ = {
			isa = PBXProject;
			attributes = {
				LastSwiftUpdateCheck = 1100;
				LastUpgradeCheck = 1100;
				ORGANIZATIONNAME = "Antoine Barrault";
				TargetAttributes = {
					8C405C7522DD678900B9F8C6 = {
						CreatedOnToolsVersion = 11.0;
					};
					8C405C8B22DD678A00B9F8C6 = {
						CreatedOnToolsVersion = 11.0;
						TestTargetID = 8C405C7522DD678900B9F8C6;
					};
					8C405C9622DD678A00B9F8C6 = {
						CreatedOnToolsVersion = 11.0;
						TestTargetID = 8C405C7522DD678900B9F8C6;
					};
				};
			};
			buildConfigurationList = 8C405C7122DD678900B9F8C6 /* Build configuration list for PBXProject "CoreMLPictureTaker" */;
			compatibilityVersion = "Xcode 9.3";
			developmentRegion = en;
			hasScannedForEncodings = 0;
			knownRegions = (
				en,
				Base,
			);
			mainGroup = 8C405C6D22DD678900B9F8C6;
			packageReferences = (
				8C21E18A22F9DC8D00C92362 /* XCRemoteSwiftPackageReference "GridStack" */,
			);
			productRefGroup = 8C405C7722DD678900B9F8C6 /* Products */;
			projectDirPath = "";
			projectRoot = "";
			targets = (
				8C405C7522DD678900B9F8C6 /* CoreMLPictureTaker */,
				8C405C8B22DD678A00B9F8C6 /* CoreMLPictureTakerTests */,
				8C405C9622DD678A00B9F8C6 /* CoreMLPictureTakerUITests */,
			);
		};
/* End PBXProject section */

/* Begin PBXResourcesBuildPhase section */
		8C405C7422DD678900B9F8C6 /* Resources */ = {
			isa = PBXResourcesBuildPhase;
			buildActionMask = 2147483647;
			files = (
				8C405C8622DD678A00B9F8C6 /* LaunchScreen.storyboard in Resources */,
				8C405C8322DD678A00B9F8C6 /* Preview Assets.xcassets in Resources */,
				8C405C8022DD678A00B9F8C6 /* Assets.xcassets in Resources */,
			);
			runOnlyForDeploymentPostprocessing = 0;
		};
		8C405C8A22DD678A00B9F8C6 /* Resources */ = {
			isa = PBXResourcesBuildPhase;
			buildActionMask = 2147483647;
			files = (
			);
			runOnlyForDeploymentPostprocessing = 0;
		};
		8C405C9522DD678A00B9F8C6 /* Resources */ = {
			isa = PBXResourcesBuildPhase;
			buildActionMask = 2147483647;
			files = (
			);
			runOnlyForDeploymentPostprocessing = 0;
		};
/* End PBXResourcesBuildPhase section */

/* Begin PBXSourcesBuildPhase section */
		8C405C7222DD678900B9F8C6 /* Sources */ = {
			isa = PBXSourcesBuildPhase;
			buildActionMask = 2147483647;
			files = (
				8C405C7A22DD678900B9F8C6 /* AppDelegate.swift in Sources */,
				8C405CAD22DDE9C200B9F8C6 /* MLDataSet.swift in Sources */,
				8C405C7C22DD678900B9F8C6 /* SceneDelegate.swift in Sources */,
				8C405C7E22DD678900B9F8C6 /* ContentView.swift in Sources */,
			);
			runOnlyForDeploymentPostprocessing = 0;
		};
		8C405C8822DD678A00B9F8C6 /* Sources */ = {
			isa = PBXSourcesBuildPhase;
			buildActionMask = 2147483647;
			files = (
				8C405C9122DD678A00B9F8C6 /* CoreMLPictureTakerTests.swift in Sources */,
			);
			runOnlyForDeploymentPostprocessing = 0;
		};
		8C405C9322DD678A00B9F8C6 /* Sources */ = {
			isa = PBXSourcesBuildPhase;
			buildActionMask = 2147483647;
			files = (
				8C405C9C22DD678A00B9F8C6 /* CoreMLPictureTakerUITests.swift in Sources */,
			);
			runOnlyForDeploymentPostprocessing = 0;
		};
/* End PBXSourcesBuildPhase section */

/* Begin PBXTargetDependency section */
		8C405C8E22DD678A00B9F8C6 /* PBXTargetDependency */ = {
			isa = PBXTargetDependency;
			target = 8C405C7522DD678900B9F8C6 /* CoreMLPictureTaker */;
			targetProxy = 8C405C8D22DD678A00B9F8C6 /* PBXContainerItemProxy */;
		};
		8C405C9922DD678A00B9F8C6 /* PBXTargetDependency */ = {
			isa = PBXTargetDependency;
			target = 8C405C7522DD678900B9F8C6 /* CoreMLPictureTaker */;
			targetProxy = 8C405C9822DD678A00B9F8C6 /* PBXContainerItemProxy */;
		};
/* End PBXTargetDependency section */

/* Begin PBXVariantGroup section */
		8C405C8422DD678A00B9F8C6 /* LaunchScreen.storyboard */ = {
			isa = PBXVariantGroup;
			children = (
				8C405C8522DD678A00B9F8C6 /* Base */,
			);
			name = LaunchScreen.storyboard;
			sourceTree = "<group>";
		};
/* End PBXVariantGroup section */

/* Begin XCBuildConfiguration section */
		8C405C9E22DD678A00B9F8C6 /* Debug */ = {
			isa = XCBuildConfiguration;
			buildSettings = {
				ALWAYS_SEARCH_USER_PATHS = NO;
				CLANG_ANALYZER_NONNULL = YES;
				CLANG_ANALYZER_NUMBER_OBJECT_CONVERSION = YES_AGGRESSIVE;
				CLANG_CXX_LANGUAGE_STANDARD = "gnu++14";
				CLANG_CXX_LIBRARY = "libc++";
				CLANG_ENABLE_MODULES = YES;
				CLANG_ENABLE_OBJC_ARC = YES;
				CLANG_ENABLE_OBJC_WEAK = YES;
				CLANG_WARN_BLOCK_CAPTURE_AUTORELEASING = YES;
				CLANG_WARN_BOOL_CONVERSION = YES;
				CLANG_WARN_COMMA = YES;
				CLANG_WARN_CONSTANT_CONVERSION = YES;
				CLANG_WARN_DEPRECATED_OBJC_IMPLEMENTATIONS = YES;
				CLANG_WARN_DIRECT_OBJC_ISA_USAGE = YES_ERROR;
				CLANG_WARN_DOCUMENTATION_COMMENTS = YES;
				CLANG_WARN_EMPTY_BODY = YES;
				CLANG_WARN_ENUM_CONVERSION = YES;
				CLANG_WARN_INFINITE_RECURSION = YES;
				CLANG_WARN_INT_CONVERSION = YES;
				CLANG_WARN_NON_LITERAL_NULL_CONVERSION = YES;
				CLANG_WARN_OBJC_IMPLICIT_RETAIN_SELF = YES;
				CLANG_WARN_OBJC_LITERAL_CONVERSION = YES;
				CLANG_WARN_OBJC_ROOT_CLASS = YES_ERROR;
				CLANG_WARN_RANGE_LOOP_ANALYSIS = YES;
				CLANG_WARN_STRICT_PROTOTYPES = YES;
				CLANG_WARN_SUSPICIOUS_MOVE = YES;
				CLANG_WARN_UNGUARDED_AVAILABILITY = YES_AGGRESSIVE;
				CLANG_WARN_UNREACHABLE_CODE = YES;
				CLANG_WARN__DUPLICATE_METHOD_MATCH = YES;
				COPY_PHASE_STRIP = NO;
				DEBUG_INFORMATION_FORMAT = dwarf;
				ENABLE_STRICT_OBJC_MSGSEND = YES;
				ENABLE_TESTABILITY = YES;
				GCC_C_LANGUAGE_STANDARD = gnu11;
				GCC_DYNAMIC_NO_PIC = NO;
				GCC_NO_COMMON_BLOCKS = YES;
				GCC_OPTIMIZATION_LEVEL = 0;
				GCC_PREPROCESSOR_DEFINITIONS = (
					"DEBUG=1",
					"$(inherited)",
				);
				GCC_WARN_64_TO_32_BIT_CONVERSION = YES;
				GCC_WARN_ABOUT_RETURN_TYPE = YES_ERROR;
				GCC_WARN_UNDECLARED_SELECTOR = YES;
				GCC_WARN_UNINITIALIZED_AUTOS = YES_AGGRESSIVE;
				GCC_WARN_UNUSED_FUNCTION = YES;
				GCC_WARN_UNUSED_VARIABLE = YES;
				IPHONEOS_DEPLOYMENT_TARGET = 13.0;
				MTL_ENABLE_DEBUG_INFO = INCLUDE_SOURCE;
				MTL_FAST_MATH = YES;
				ONLY_ACTIVE_ARCH = YES;
				SDKROOT = iphoneos;
				SWIFT_ACTIVE_COMPILATION_CONDITIONS = DEBUG;
				SWIFT_OPTIMIZATION_LEVEL = "-Onone";
			};
			name = Debug;
		};
		8C405C9F22DD678A00B9F8C6 /* Release */ = {
			isa = XCBuildConfiguration;
			buildSettings = {
				ALWAYS_SEARCH_USER_PATHS = NO;
				CLANG_ANALYZER_NONNULL = YES;
				CLANG_ANALYZER_NUMBER_OBJECT_CONVERSION = YES_AGGRESSIVE;
				CLANG_CXX_LANGUAGE_STANDARD = "gnu++14";
				CLANG_CXX_LIBRARY = "libc++";
				CLANG_ENABLE_MODULES = YES;
				CLANG_ENABLE_OBJC_ARC = YES;
				CLANG_ENABLE_OBJC_WEAK = YES;
				CLANG_WARN_BLOCK_CAPTURE_AUTORELEASING = YES;
				CLANG_WARN_BOOL_CONVERSION = YES;
				CLANG_WARN_COMMA = YES;
				CLANG_WARN_CONSTANT_CONVERSION = YES;
				CLANG_WARN_DEPRECATED_OBJC_IMPLEMENTATIONS = YES;
				CLANG_WARN_DIRECT_OBJC_ISA_USAGE = YES_ERROR;
				CLANG_WARN_DOCUMENTATION_COMMENTS = YES;
				CLANG_WARN_EMPTY_BODY = YES;
				CLANG_WARN_ENUM_CONVERSION = YES;
				CLANG_WARN_INFINITE_RECURSION = YES;
				CLANG_WARN_INT_CONVERSION = YES;
				CLANG_WARN_NON_LITERAL_NULL_CONVERSION = YES;
				CLANG_WARN_OBJC_IMPLICIT_RETAIN_SELF = YES;
				CLANG_WARN_OBJC_LITERAL_CONVERSION = YES;
				CLANG_WARN_OBJC_ROOT_CLASS = YES_ERROR;
				CLANG_WARN_RANGE_LOOP_ANALYSIS = YES;
				CLANG_WARN_STRICT_PROTOTYPES = YES;
				CLANG_WARN_SUSPICIOUS_MOVE = YES;
				CLANG_WARN_UNGUARDED_AVAILABILITY = YES_AGGRESSIVE;
				CLANG_WARN_UNREACHABLE_CODE = YES;
				CLANG_WARN__DUPLICATE_METHOD_MATCH = YES;
				COPY_PHASE_STRIP = NO;
				DEBUG_INFORMATION_FORMAT = "dwarf-with-dsym";
				ENABLE_NS_ASSERTIONS = NO;
				ENABLE_STRICT_OBJC_MSGSEND = YES;
				GCC_C_LANGUAGE_STANDARD = gnu11;
				GCC_NO_COMMON_BLOCKS = YES;
				GCC_WARN_64_TO_32_BIT_CONVERSION = YES;
				GCC_WARN_ABOUT_RETURN_TYPE = YES_ERROR;
				GCC_WARN_UNDECLARED_SELECTOR = YES;
				GCC_WARN_UNINITIALIZED_AUTOS = YES_AGGRESSIVE;
				GCC_WARN_UNUSED_FUNCTION = YES;
				GCC_WARN_UNUSED_VARIABLE = YES;
				IPHONEOS_DEPLOYMENT_TARGET = 13.0;
				MTL_ENABLE_DEBUG_INFO = NO;
				MTL_FAST_MATH = YES;
				SDKROOT = iphoneos;
				SWIFT_COMPILATION_MODE = wholemodule;
				SWIFT_OPTIMIZATION_LEVEL = "-O";
				VALIDATE_PRODUCT = YES;
			};
			name = Release;
		};
		8C405CA122DD678A00B9F8C6 /* Debug */ = {
			isa = XCBuildConfiguration;
			buildSettings = {
				ASSETCATALOG_COMPILER_APPICON_NAME = AppIcon;
				CODE_SIGN_STYLE = Automatic;
				DEVELOPMENT_ASSET_PATHS = "CoreMLPictureTaker/Preview\\ Content";
				DEVELOPMENT_TEAM = 4F3EA6B935;
				ENABLE_PREVIEWS = YES;
				INFOPLIST_FILE = CoreMLPictureTaker/Info.plist;
				LD_RUNPATH_SEARCH_PATHS = (
					"$(inherited)",
					"@executable_path/Frameworks",
				);
				PRODUCT_BUNDLE_IDENTIFIER = fr.assaps.CoreMLPictureTaker;
				PRODUCT_NAME = "$(TARGET_NAME)";
				SWIFT_VERSION = 5.0;
				TARGETED_DEVICE_FAMILY = "1,2";
			};
			name = Debug;
		};
		8C405CA222DD678A00B9F8C6 /* Release */ = {
			isa = XCBuildConfiguration;
			buildSettings = {
				ASSETCATALOG_COMPILER_APPICON_NAME = AppIcon;
				CODE_SIGN_STYLE = Automatic;
				DEVELOPMENT_ASSET_PATHS = "CoreMLPictureTaker/Preview\\ Content";
				DEVELOPMENT_TEAM = 4F3EA6B935;
				ENABLE_PREVIEWS = YES;
				INFOPLIST_FILE = CoreMLPictureTaker/Info.plist;
				LD_RUNPATH_SEARCH_PATHS = (
					"$(inherited)",
					"@executable_path/Frameworks",
				);
				PRODUCT_BUNDLE_IDENTIFIER = fr.assaps.CoreMLPictureTaker;
				PRODUCT_NAME = "$(TARGET_NAME)";
				SWIFT_VERSION = 5.0;
				TARGETED_DEVICE_FAMILY = "1,2";
			};
			name = Release;
		};
		8C405CA422DD678A00B9F8C6 /* Debug */ = {
			isa = XCBuildConfiguration;
			buildSettings = {
				ALWAYS_EMBED_SWIFT_STANDARD_LIBRARIES = YES;
				BUNDLE_LOADER = "$(TEST_HOST)";
				CODE_SIGN_STYLE = Automatic;
				DEVELOPMENT_TEAM = 4F3EA6B935;
				INFOPLIST_FILE = CoreMLPictureTakerTests/Info.plist;
				LD_RUNPATH_SEARCH_PATHS = (
					"$(inherited)",
					"@executable_path/Frameworks",
					"@loader_path/Frameworks",
				);
				PRODUCT_BUNDLE_IDENTIFIER = fr.assaps.CoreMLPictureTakerTests;
				PRODUCT_NAME = "$(TARGET_NAME)";
				SWIFT_VERSION = 5.0;
				TARGETED_DEVICE_FAMILY = "1,2";
				TEST_HOST = "$(BUILT_PRODUCTS_DIR)/CoreMLPictureTaker.app/CoreMLPictureTaker";
			};
			name = Debug;
		};
		8C405CA522DD678A00B9F8C6 /* Release */ = {
			isa = XCBuildConfiguration;
			buildSettings = {
				ALWAYS_EMBED_SWIFT_STANDARD_LIBRARIES = YES;
				BUNDLE_LOADER = "$(TEST_HOST)";
				CODE_SIGN_STYLE = Automatic;
				DEVELOPMENT_TEAM = 4F3EA6B935;
				INFOPLIST_FILE = CoreMLPictureTakerTests/Info.plist;
				LD_RUNPATH_SEARCH_PATHS = (
					"$(inherited)",
					"@executable_path/Frameworks",
					"@loader_path/Frameworks",
				);
				PRODUCT_BUNDLE_IDENTIFIER = fr.assaps.CoreMLPictureTakerTests;
				PRODUCT_NAME = "$(TARGET_NAME)";
				SWIFT_VERSION = 5.0;
				TARGETED_DEVICE_FAMILY = "1,2";
				TEST_HOST = "$(BUILT_PRODUCTS_DIR)/CoreMLPictureTaker.app/CoreMLPictureTaker";
			};
			name = Release;
		};
		8C405CA722DD678A00B9F8C6 /* Debug */ = {
			isa = XCBuildConfiguration;
			buildSettings = {
				ALWAYS_EMBED_SWIFT_STANDARD_LIBRARIES = YES;
				CODE_SIGN_STYLE = Automatic;
				DEVELOPMENT_TEAM = 4F3EA6B935;
				INFOPLIST_FILE = CoreMLPictureTakerUITests/Info.plist;
				LD_RUNPATH_SEARCH_PATHS = (
					"$(inherited)",
					"@executable_path/Frameworks",
					"@loader_path/Frameworks",
				);
				PRODUCT_BUNDLE_IDENTIFIER = fr.assaps.CoreMLPictureTakerUITests;
				PRODUCT_NAME = "$(TARGET_NAME)";
				SWIFT_VERSION = 5.0;
				TARGETED_DEVICE_FAMILY = "1,2";
				TEST_TARGET_NAME = CoreMLPictureTaker;
			};
			name = Debug;
		};
		8C405CA822DD678A00B9F8C6 /* Release */ = {
			isa = XCBuildConfiguration;
			buildSettings = {
				ALWAYS_EMBED_SWIFT_STANDARD_LIBRARIES = YES;
				CODE_SIGN_STYLE = Automatic;
				DEVELOPMENT_TEAM = 4F3EA6B935;
				INFOPLIST_FILE = CoreMLPictureTakerUITests/Info.plist;
				LD_RUNPATH_SEARCH_PATHS = (
					"$(inherited)",
					"@executable_path/Frameworks",
					"@loader_path/Frameworks",
				);
				PRODUCT_BUNDLE_IDENTIFIER = fr.assaps.CoreMLPictureTakerUITests;
				PRODUCT_NAME = "$(TARGET_NAME)";
				SWIFT_VERSION = 5.0;
				TARGETED_DEVICE_FAMILY = "1,2";
				TEST_TARGET_NAME = CoreMLPictureTaker;
			};
			name = Release;
		};
/* End XCBuildConfiguration section */

/* Begin XCConfigurationList section */
		8C405C7122DD678900B9F8C6 /* Build configuration list for PBXProject "CoreMLPictureTaker" */ = {
			isa = XCConfigurationList;
			buildConfigurations = (
				8C405C9E22DD678A00B9F8C6 /* Debug */,
				8C405C9F22DD678A00B9F8C6 /* Release */,
			);
			defaultConfigurationIsVisible = 0;
			defaultConfigurationName = Release;
		};
		8C405CA022DD678A00B9F8C6 /* Build configuration list for PBXNativeTarget "CoreMLPictureTaker" */ = {
			isa = XCConfigurationList;
			buildConfigurations = (
				8C405CA122DD678A00B9F8C6 /* Debug */,
				8C405CA222DD678A00B9F8C6 /* Release */,
			);
			defaultConfigurationIsVisible = 0;
			defaultConfigurationName = Release;
		};
		8C405CA322DD678A00B9F8C6 /* Build configuration list for PBXNativeTarget "CoreMLPictureTakerTests" */ = {
			isa = XCConfigurationList;
			buildConfigurations = (
				8C405CA422DD678A00B9F8C6 /* Debug */,
				8C405CA522DD678A00B9F8C6 /* Release */,
			);
			defaultConfigurationIsVisible = 0;
			defaultConfigurationName = Release;
		};
		8C405CA622DD678A00B9F8C6 /* Build configuration list for PBXNativeTarget "CoreMLPictureTakerUITests" */ = {
			isa = XCConfigurationList;
			buildConfigurations = (
				8C405CA722DD678A00B9F8C6 /* Debug */,
				8C405CA822DD678A00B9F8C6 /* Release */,
			);
			defaultConfigurationIsVisible = 0;
			defaultConfigurationName = Release;
		};
/* End XCConfigurationList section */

/* Begin XCRemoteSwiftPackageReference section */
		8C21E18A22F9DC8D00C92362 /* XCRemoteSwiftPackageReference "GridStack" */ = {
			isa = XCRemoteSwiftPackageReference;
			repositoryURL = "git@github.com:barrault01/GridStack.git";
			requirement = {
				branch = master;
				kind = branch;
			};
		};
/* End XCRemoteSwiftPackageReference section */

/* Begin XCSwiftPackageProductDependency section */
		8C21E18B22F9DC8D00C92362 /* GridStack */ = {
			isa = XCSwiftPackageProductDependency;
			package = 8C21E18A22F9DC8D00C92362 /* XCRemoteSwiftPackageReference "GridStack" */;
			productName = GridStack;
		};
/* End XCSwiftPackageProductDependency section */
	};
	rootObject = 8C405C6E22DD678900B9F8C6 /* Project object */;
}
